
Microsoft Visual Studio Solution File, Format Version 12.00
# Visual Studio 15
Project("{FAE04EC0-301F-11D3-BF4B-00C04F79EFBC}") = "Assembly-CSharp", "Assembly-CSharp.csproj", "{53CEB450-04E8-C352-59DC-E8338EF63F1F}"
EndProject
Project("{FAE04EC0-301F-11D3-BF4B-00C04F79EFBC}") = "Assembly-CSharp-Editor", "Assembly-CSharp-Editor.csproj", "{9D2EC1F8-E596-02CE-7228-6AA30767EAE4}"
EndProject
Global
	GlobalSection(SolutionConfigurationPlatforms) = preSolution
		Debug|Any CPU = Debug|Any CPU
		Release|Any CPU = Release|Any CPU
	EndGlobalSection
	GlobalSection(ProjectConfigurationPlatforms) = postSolution
		{53CEB450-04E8-C352-59DC-E8338EF63F1F}.Debug|Any CPU.ActiveCfg = Debug|Any CPU
		{53CEB450-04E8-C352-59DC-E8338EF63F1F}.Debug|Any CPU.Build.0 = Debug|Any CPU
		{53CEB450-04E8-C352-59DC-E8338EF63F1F}.Release|Any CPU.ActiveCfg = Release|Any CPU
		{53CEB450-04E8-C352-59DC-E8338EF63F1F}.Release|Any CPU.Build.0 = Release|Any CPU
		{9D2EC1F8-E596-02CE-7228-6AA30767EAE4}.Debug|Any CPU.ActiveCfg = Debug|Any CPU
		{9D2EC1F8-E596-02CE-7228-6AA30767EAE4}.Debug|Any CPU.Build.0 = Debug|Any CPU
		{9D2EC1F8-E596-02CE-7228-6AA30767EAE4}.Release|Any CPU.ActiveCfg = Release|Any CPU
		{9D2EC1F8-E596-02CE-7228-6AA30767EAE4}.Release|Any CPU.Build.0 = Release|Any CPU
	EndGlobalSection
	GlobalSection(SolutionProperties) = preSolution
		HideSolutionNode = FALSE
	EndGlobalSection
EndGlobal
